
Microsoft Visual Studio Solution File, Format Version 12.00
# Visual Studio Version 16
VisualStudioVersion = 16.0.30804.86
MinimumVisualStudioVersion = 10.0.40219.1
Project("{2150E333-8FDC-42A3-9474-1A3956D46DE8}") = "src", "src", "{43508F91-D965-41AD-9CD1-C0AB199BC3D9}"
EndProject
Project("{2150E333-8FDC-42A3-9474-1A3956D46DE8}") = "Solution Items", "Solution Items", "{BC217199-E74B-4678-9D3D-EF042A120ECC}"
	ProjectSection(SolutionItems) = preProject
		.gitignore = .gitignore
		.github\workflows\netcorelibrary.yml = .github\workflows\netcorelibrary.yml
		Readme.md = Readme.md
	EndProjectSection
EndProject
Project("{9A19103F-16F7-4668-BE54-9A1E7A4F7556}") = "Monq.Core.Paging.Models", "src\Monq.Core.Paging.Models\Monq.Core.Paging.Models.csproj", "{F13B368A-CDDC-4182-938B-9E78424AD34B}"
EndProject
Global
	GlobalSection(SolutionConfigurationPlatforms) = preSolution
		Debug|Any CPU = Debug|Any CPU
		Release|Any CPU = Release|Any CPU
	EndGlobalSection
	GlobalSection(ProjectConfigurationPlatforms) = postSolution
		{F13B368A-CDDC-4182-938B-9E78424AD34B}.Debug|Any CPU.ActiveCfg = Debug|Any CPU
		{F13B368A-CDDC-4182-938B-9E78424AD34B}.Debug|Any CPU.Build.0 = Debug|Any CPU
		{F13B368A-CDDC-4182-938B-9E78424AD34B}.Release|Any CPU.ActiveCfg = Release|Any CPU
		{F13B368A-CDDC-4182-938B-9E78424AD34B}.Release|Any CPU.Build.0 = Release|Any CPU
	EndGlobalSection
	GlobalSection(SolutionProperties) = preSolution
		HideSolutionNode = FALSE
	EndGlobalSection
	GlobalSection(NestedProjects) = preSolution
		{F13B368A-CDDC-4182-938B-9E78424AD34B} = {43508F91-D965-41AD-9CD1-C0AB199BC3D9}
	EndGlobalSection
	GlobalSection(ExtensibilityGlobals) = postSolution
		SolutionGuid = {A6487993-2236-4A85-8357-1DA181A20920}
	EndGlobalSection
EndGlobal
